
Microsoft Visual Studio Solution File, Format Version 12.00
# Visual Studio 2012
Project("{FAE04EC0-301F-11D3-BF4B-00C04F79EFBC}") = "V-verPlatform", "V-verPlatform\V-verPlatform.csproj", "{49D4178D-E857-40EA-9190-D5739A1168A3}"
EndProject
Project("{FAE04EC0-301F-11D3-BF4B-00C04F79EFBC}") = "V-verPlatform.Tests", "V-verPlatform.Tests\V-verPlatform.Tests.csproj", "{6E0B970B-B79B-4B66-AAFB-BE912107DA9B}"
EndProject
Global
	GlobalSection(SolutionConfigurationPlatforms) = preSolution
		Debug|Any CPU = Debug|Any CPU
		Release|Any CPU = Release|Any CPU
	EndGlobalSection
	GlobalSection(ProjectConfigurationPlatforms) = postSolution
		{49D4178D-E857-40EA-9190-D5739A1168A3}.Debug|Any CPU.ActiveCfg = Debug|Any CPU
		{49D4178D-E857-40EA-9190-D5739A1168A3}.Debug|Any CPU.Build.0 = Debug|Any CPU
		{49D4178D-E857-40EA-9190-D5739A1168A3}.Release|Any CPU.ActiveCfg = Release|Any CPU
		{49D4178D-E857-40EA-9190-D5739A1168A3}.Release|Any CPU.Build.0 = Release|Any CPU
		{6E0B970B-B79B-4B66-AAFB-BE912107DA9B}.Debug|Any CPU.ActiveCfg = Debug|Any CPU
		{6E0B970B-B79B-4B66-AAFB-BE912107DA9B}.Debug|Any CPU.Build.0 = Debug|Any CPU
		{6E0B970B-B79B-4B66-AAFB-BE912107DA9B}.Release|Any CPU.ActiveCfg = Release|Any CPU
		{6E0B970B-B79B-4B66-AAFB-BE912107DA9B}.Release|Any CPU.Build.0 = Release|Any CPU
	EndGlobalSection
	GlobalSection(SolutionProperties) = preSolution
		HideSolutionNode = FALSE
	EndGlobalSection
EndGlobal
